// !$*UTF8*$!
{
	archiveVersion = 1;
	classes = {
	};
	objectVersion = 52;
	objects = {

/* Begin PBXBuildFile section */
		5092504A27A36B57006DEDA4 /* AppDelegate.swift in Sources */ = {isa = PBXBuildFile; fileRef = 5092504927A36B57006DEDA4 /* AppDelegate.swift */; };
		5092504C27A36B57006DEDA4 /* SceneDelegate.swift in Sources */ = {isa = PBXBuildFile; fileRef = 5092504B27A36B57006DEDA4 /* SceneDelegate.swift */; };
		5092505427A36B57006DEDA4 /* WhitelabelQuiz.xcdatamodeld in Sources */ = {isa = PBXBuildFile; fileRef = 5092505227A36B57006DEDA4 /* WhitelabelQuiz.xcdatamodeld */; };
		5092505627A36B5A006DEDA4 /* Assets.xcassets in Resources */ = {isa = PBXBuildFile; fileRef = 5092505527A36B5A006DEDA4 /* Assets.xcassets */; };
		5092505927A36B5A006DEDA4 /* LaunchScreen.storyboard in Resources */ = {isa = PBXBuildFile; fileRef = 5092505727A36B5A006DEDA4 /* LaunchScreen.storyboard */; };
		5092506427A36B5A006DEDA4 /* WhitelabelQuizTests.swift in Sources */ = {isa = PBXBuildFile; fileRef = 5092506327A36B5A006DEDA4 /* WhitelabelQuizTests.swift */; };
		5092506F27A36B5A006DEDA4 /* WhitelabelQuizUITests.swift in Sources */ = {isa = PBXBuildFile; fileRef = 5092506E27A36B5A006DEDA4 /* WhitelabelQuizUITests.swift */; };
		509250CE27AF6FBF006DEDA4 /* Level.swift in Sources */ = {isa = PBXBuildFile; fileRef = 509250CD27AF6FBF006DEDA4 /* Level.swift */; };
		509250D327AF723C006DEDA4 /* QuestionViewController.swift in Sources */ = {isa = PBXBuildFile; fileRef = 509250D127AF723C006DEDA4 /* QuestionViewController.swift */; };
		509250D427AF723C006DEDA4 /* QuestionViewController.xib in Resources */ = {isa = PBXBuildFile; fileRef = 509250D227AF723C006DEDA4 /* QuestionViewController.xib */; };
		509250D627AF77F5006DEDA4 /* Question.swift in Sources */ = {isa = PBXBuildFile; fileRef = 509250D527AF77F5006DEDA4 /* Question.swift */; };
		509250D827AF78C3006DEDA4 /* LevelsRepository.swift in Sources */ = {isa = PBXBuildFile; fileRef = 509250D727AF78C3006DEDA4 /* LevelsRepository.swift */; };
		509250DA27AF791E006DEDA4 /* GetLevelsUseCase.swift in Sources */ = {isa = PBXBuildFile; fileRef = 509250D927AF791E006DEDA4 /* GetLevelsUseCase.swift */; };
		50A1D51B27EBF4C5007F0D95 /* MainMenuViewController.swift in Sources */ = {isa = PBXBuildFile; fileRef = 50A1D51927EBF4C5007F0D95 /* MainMenuViewController.swift */; };
		50A1D51C27EBF4C5007F0D95 /* MainMenuViewController.xib in Resources */ = {isa = PBXBuildFile; fileRef = 50A1D51A27EBF4C5007F0D95 /* MainMenuViewController.xib */; };
		50EBC16B27EA8D680029B49B /* LevelsService.swift in Sources */ = {isa = PBXBuildFile; fileRef = 50EBC16A27EA8D680029B49B /* LevelsService.swift */; };
		50EBC16D27EA920C0029B49B /* levels.json in Resources */ = {isa = PBXBuildFile; fileRef = 50EBC16927EA8A500029B49B /* levels.json */; };
		951CF2D5283283E800895EB8 /* moedas.mp3 in Resources */ = {isa = PBXBuildFile; fileRef = 951CF2D0283283E800895EB8 /* moedas.mp3 */; };
		951CF2D6283283E800895EB8 /* audio-fundo.mp3 in Resources */ = {isa = PBXBuildFile; fileRef = 951CF2D1283283E800895EB8 /* audio-fundo.mp3 */; };
		951CF2D7283283E800895EB8 /* 10-segundos.mp3 in Resources */ = {isa = PBXBuildFile; fileRef = 951CF2D2283283E800895EB8 /* 10-segundos.mp3 */; };
		951CF2D8283283E800895EB8 /* relogio.mp3 in Resources */ = {isa = PBXBuildFile; fileRef = 951CF2D3283283E800895EB8 /* relogio.mp3 */; };
		951CF2D9283283E800895EB8 /* click.mp3 in Resources */ = {isa = PBXBuildFile; fileRef = 951CF2D4283283E800895EB8 /* click.mp3 */; };
		951CF2DC283286A800895EB8 /* AboutViewController.swift in Sources */ = {isa = PBXBuildFile; fileRef = 951CF2DB283286A800895EB8 /* AboutViewController.swift */; };
		954B609928395E92006E32C3 /* AudioManager.swift in Sources */ = {isa = PBXBuildFile; fileRef = 954B609828395E92006E32C3 /* AudioManager.swift */; };
		954B609B28395F07006E32C3 /* MusicManager.swift in Sources */ = {isa = PBXBuildFile; fileRef = 954B609A28395F07006E32C3 /* MusicManager.swift */; };
		954B609E28396B70006E32C3 /* StoreViewController.swift in Sources */ = {isa = PBXBuildFile; fileRef = 954B609C28396B70006E32C3 /* StoreViewController.swift */; };
		954B609F28396B70006E32C3 /* StoreViewController.xib in Resources */ = {isa = PBXBuildFile; fileRef = 954B609D28396B70006E32C3 /* StoreViewController.xib */; };
		954B60A128397273006E32C3 /* StoreItem.swift in Sources */ = {isa = PBXBuildFile; fileRef = 954B60A028397273006E32C3 /* StoreItem.swift */; };
		95750A572807AE4A00CA714D /* FirebaseRemoteConfig in Frameworks */ = {isa = PBXBuildFile; productRef = 95750A562807AE4A00CA714D /* FirebaseRemoteConfig */; };
		95750A592807AE4A00CA714D /* FirebaseRemoteConfigSwift-Beta in Frameworks */ = {isa = PBXBuildFile; productRef = 95750A582807AE4A00CA714D /* FirebaseRemoteConfigSwift-Beta */; };
		95750A5B2807AEDA00CA714D /* GoogleService-Info.plist in Resources */ = {isa = PBXBuildFile; fileRef = 95750A5A2807AEDA00CA714D /* GoogleService-Info.plist */; };
		95B3FEA8280E364D001D6EFE /* UIViewController+Additions.swift in Sources */ = {isa = PBXBuildFile; fileRef = 95B3FEA7280E364D001D6EFE /* UIViewController+Additions.swift */; };
		95F3CAA1283520A7001F30D6 /* LevelListViewController.swift in Sources */ = {isa = PBXBuildFile; fileRef = 95F3CA9F283520A7001F30D6 /* LevelListViewController.swift */; };
		95F3CAA2283520A7001F30D6 /* LevelListViewController.xib in Resources */ = {isa = PBXBuildFile; fileRef = 95F3CAA0283520A7001F30D6 /* LevelListViewController.xib */; };
		95F3CAA428352706001F30D6 /* SetCurrentLevelUseCase.swift in Sources */ = {isa = PBXBuildFile; fileRef = 95F3CAA328352706001F30D6 /* SetCurrentLevelUseCase.swift */; };
		95F3CAA62835276F001F30D6 /* GetCurrentLevelUseCase.swift in Sources */ = {isa = PBXBuildFile; fileRef = 95F3CAA52835276F001F30D6 /* GetCurrentLevelUseCase.swift */; };
		95FE61F0283977D800DE1D46 /* StoreItemCollectionViewCell.swift in Sources */ = {isa = PBXBuildFile; fileRef = 95FE61EE283977D800DE1D46 /* StoreItemCollectionViewCell.swift */; };
		95FE61F1283977D800DE1D46 /* StoreItemCollectionViewCell.xib in Resources */ = {isa = PBXBuildFile; fileRef = 95FE61EF283977D800DE1D46 /* StoreItemCollectionViewCell.xib */; };
/* End PBXBuildFile section */

/* Begin PBXContainerItemProxy section */
		5092506027A36B5A006DEDA4 /* PBXContainerItemProxy */ = {
			isa = PBXContainerItemProxy;
			containerPortal = 5092503E27A36B57006DEDA4 /* Project object */;
			proxyType = 1;
			remoteGlobalIDString = 5092504527A36B57006DEDA4;
			remoteInfo = WhitelabelQuiz;
		};
		5092506B27A36B5A006DEDA4 /* PBXContainerItemProxy */ = {
			isa = PBXContainerItemProxy;
			containerPortal = 5092503E27A36B57006DEDA4 /* Project object */;
			proxyType = 1;
			remoteGlobalIDString = 5092504527A36B57006DEDA4;
			remoteInfo = WhitelabelQuiz;
		};
/* End PBXContainerItemProxy section */

/* Begin PBXFileReference section */
		5092504627A36B57006DEDA4 /* WhitelabelQuiz.app */ = {isa = PBXFileReference; explicitFileType = wrapper.application; includeInIndex = 0; path = WhitelabelQuiz.app; sourceTree = BUILT_PRODUCTS_DIR; };
		5092504927A36B57006DEDA4 /* AppDelegate.swift */ = {isa = PBXFileReference; lastKnownFileType = sourcecode.swift; path = AppDelegate.swift; sourceTree = "<group>"; };
		5092504B27A36B57006DEDA4 /* SceneDelegate.swift */ = {isa = PBXFileReference; lastKnownFileType = sourcecode.swift; path = SceneDelegate.swift; sourceTree = "<group>"; };
		5092505327A36B57006DEDA4 /* WhitelabelQuiz.xcdatamodel */ = {isa = PBXFileReference; lastKnownFileType = wrapper.xcdatamodel; path = WhitelabelQuiz.xcdatamodel; sourceTree = "<group>"; };
		5092505527A36B5A006DEDA4 /* Assets.xcassets */ = {isa = PBXFileReference; lastKnownFileType = folder.assetcatalog; path = Assets.xcassets; sourceTree = "<group>"; };
		5092505827A36B5A006DEDA4 /* Base */ = {isa = PBXFileReference; lastKnownFileType = file.storyboard; name = Base; path = Base.lproj/LaunchScreen.storyboard; sourceTree = "<group>"; };
		5092505A27A36B5A006DEDA4 /* Info.plist */ = {isa = PBXFileReference; lastKnownFileType = text.plist.xml; path = Info.plist; sourceTree = "<group>"; };
		5092505F27A36B5A006DEDA4 /* WhitelabelQuizTests.xctest */ = {isa = PBXFileReference; explicitFileType = wrapper.cfbundle; includeInIndex = 0; path = WhitelabelQuizTests.xctest; sourceTree = BUILT_PRODUCTS_DIR; };
		5092506327A36B5A006DEDA4 /* WhitelabelQuizTests.swift */ = {isa = PBXFileReference; lastKnownFileType = sourcecode.swift; path = WhitelabelQuizTests.swift; sourceTree = "<group>"; };
		5092506527A36B5A006DEDA4 /* Info.plist */ = {isa = PBXFileReference; lastKnownFileType = text.plist.xml; path = Info.plist; sourceTree = "<group>"; };
		5092506A27A36B5A006DEDA4 /* WhitelabelQuizUITests.xctest */ = {isa = PBXFileReference; explicitFileType = wrapper.cfbundle; includeInIndex = 0; path = WhitelabelQuizUITests.xctest; sourceTree = BUILT_PRODUCTS_DIR; };
		5092506E27A36B5A006DEDA4 /* WhitelabelQuizUITests.swift */ = {isa = PBXFileReference; lastKnownFileType = sourcecode.swift; path = WhitelabelQuizUITests.swift; sourceTree = "<group>"; };
		5092507027A36B5A006DEDA4 /* Info.plist */ = {isa = PBXFileReference; lastKnownFileType = text.plist.xml; path = Info.plist; sourceTree = "<group>"; };
		509250CD27AF6FBF006DEDA4 /* Level.swift */ = {isa = PBXFileReference; lastKnownFileType = sourcecode.swift; path = Level.swift; sourceTree = "<group>"; };
		509250D127AF723C006DEDA4 /* QuestionViewController.swift */ = {isa = PBXFileReference; lastKnownFileType = sourcecode.swift; path = QuestionViewController.swift; sourceTree = "<group>"; };
		509250D227AF723C006DEDA4 /* QuestionViewController.xib */ = {isa = PBXFileReference; lastKnownFileType = file.xib; path = QuestionViewController.xib; sourceTree = "<group>"; };
		509250D527AF77F5006DEDA4 /* Question.swift */ = {isa = PBXFileReference; lastKnownFileType = sourcecode.swift; path = Question.swift; sourceTree = "<group>"; };
		509250D727AF78C3006DEDA4 /* LevelsRepository.swift */ = {isa = PBXFileReference; lastKnownFileType = sourcecode.swift; path = LevelsRepository.swift; sourceTree = "<group>"; };
		509250D927AF791E006DEDA4 /* GetLevelsUseCase.swift */ = {isa = PBXFileReference; lastKnownFileType = sourcecode.swift; path = GetLevelsUseCase.swift; sourceTree = "<group>"; };
		50A1D51927EBF4C5007F0D95 /* MainMenuViewController.swift */ = {isa = PBXFileReference; lastKnownFileType = sourcecode.swift; path = MainMenuViewController.swift; sourceTree = "<group>"; };
		50A1D51A27EBF4C5007F0D95 /* MainMenuViewController.xib */ = {isa = PBXFileReference; lastKnownFileType = file.xib; path = MainMenuViewController.xib; sourceTree = "<group>"; };
		50EBC16927EA8A500029B49B /* levels.json */ = {isa = PBXFileReference; lastKnownFileType = text.json; path = levels.json; sourceTree = "<group>"; };
		50EBC16A27EA8D680029B49B /* LevelsService.swift */ = {isa = PBXFileReference; lastKnownFileType = sourcecode.swift; path = LevelsService.swift; sourceTree = "<group>"; };
		951CF2D0283283E800895EB8 /* moedas.mp3 */ = {isa = PBXFileReference; lastKnownFileType = audio.mp3; path = moedas.mp3; sourceTree = "<group>"; };
		951CF2D1283283E800895EB8 /* audio-fundo.mp3 */ = {isa = PBXFileReference; lastKnownFileType = audio.mp3; path = "audio-fundo.mp3"; sourceTree = "<group>"; };
		951CF2D2283283E800895EB8 /* 10-segundos.mp3 */ = {isa = PBXFileReference; lastKnownFileType = audio.mp3; path = "10-segundos.mp3"; sourceTree = "<group>"; };
		951CF2D3283283E800895EB8 /* relogio.mp3 */ = {isa = PBXFileReference; lastKnownFileType = audio.mp3; path = relogio.mp3; sourceTree = "<group>"; };
		951CF2D4283283E800895EB8 /* click.mp3 */ = {isa = PBXFileReference; lastKnownFileType = audio.mp3; path = click.mp3; sourceTree = "<group>"; };
		951CF2DB283286A800895EB8 /* AboutViewController.swift */ = {isa = PBXFileReference; lastKnownFileType = sourcecode.swift; path = AboutViewController.swift; sourceTree = "<group>"; };
		954B609828395E92006E32C3 /* AudioManager.swift */ = {isa = PBXFileReference; lastKnownFileType = sourcecode.swift; path = AudioManager.swift; sourceTree = "<group>"; };
		954B609A28395F07006E32C3 /* MusicManager.swift */ = {isa = PBXFileReference; lastKnownFileType = sourcecode.swift; path = MusicManager.swift; sourceTree = "<group>"; };
		954B609C28396B70006E32C3 /* StoreViewController.swift */ = {isa = PBXFileReference; lastKnownFileType = sourcecode.swift; path = StoreViewController.swift; sourceTree = "<group>"; };
		954B609D28396B70006E32C3 /* StoreViewController.xib */ = {isa = PBXFileReference; lastKnownFileType = file.xib; path = StoreViewController.xib; sourceTree = "<group>"; };
		954B60A028397273006E32C3 /* StoreItem.swift */ = {isa = PBXFileReference; lastKnownFileType = sourcecode.swift; path = StoreItem.swift; sourceTree = "<group>"; };
		95750A5A2807AEDA00CA714D /* GoogleService-Info.plist */ = {isa = PBXFileReference; fileEncoding = 4; lastKnownFileType = text.plist.xml; path = "GoogleService-Info.plist"; sourceTree = "<group>"; };
		95B3FEA7280E364D001D6EFE /* UIViewController+Additions.swift */ = {isa = PBXFileReference; lastKnownFileType = sourcecode.swift; path = "UIViewController+Additions.swift"; sourceTree = "<group>"; };
		95F3CA9F283520A7001F30D6 /* LevelListViewController.swift */ = {isa = PBXFileReference; lastKnownFileType = sourcecode.swift; path = LevelListViewController.swift; sourceTree = "<group>"; };
		95F3CAA0283520A7001F30D6 /* LevelListViewController.xib */ = {isa = PBXFileReference; lastKnownFileType = file.xib; path = LevelListViewController.xib; sourceTree = "<group>"; };
		95F3CAA328352706001F30D6 /* SetCurrentLevelUseCase.swift */ = {isa = PBXFileReference; lastKnownFileType = sourcecode.swift; path = SetCurrentLevelUseCase.swift; sourceTree = "<group>"; };
		95F3CAA52835276F001F30D6 /* GetCurrentLevelUseCase.swift */ = {isa = PBXFileReference; lastKnownFileType = sourcecode.swift; path = GetCurrentLevelUseCase.swift; sourceTree = "<group>"; };
		95FE61EE283977D800DE1D46 /* StoreItemCollectionViewCell.swift */ = {isa = PBXFileReference; lastKnownFileType = sourcecode.swift; path = StoreItemCollectionViewCell.swift; sourceTree = "<group>"; };
		95FE61EF283977D800DE1D46 /* StoreItemCollectionViewCell.xib */ = {isa = PBXFileReference; lastKnownFileType = file.xib; path = StoreItemCollectionViewCell.xib; sourceTree = "<group>"; };
/* End PBXFileReference section */

/* Begin PBXFrameworksBuildPhase section */
		5092504327A36B57006DEDA4 /* Frameworks */ = {
			isa = PBXFrameworksBuildPhase;
			buildActionMask = 2147483647;
			files = (
				95750A572807AE4A00CA714D /* FirebaseRemoteConfig in Frameworks */,
				95750A592807AE4A00CA714D /* FirebaseRemoteConfigSwift-Beta in Frameworks */,
			);
			runOnlyForDeploymentPostprocessing = 0;
		};
		5092505C27A36B5A006DEDA4 /* Frameworks */ = {
			isa = PBXFrameworksBuildPhase;
			buildActionMask = 2147483647;
			files = (
			);
			runOnlyForDeploymentPostprocessing = 0;
		};
		5092506727A36B5A006DEDA4 /* Frameworks */ = {
			isa = PBXFrameworksBuildPhase;
			buildActionMask = 2147483647;
			files = (
			);
			runOnlyForDeploymentPostprocessing = 0;
		};
/* End PBXFrameworksBuildPhase section */

/* Begin PBXGroup section */
		5092503D27A36B57006DEDA4 = {
			isa = PBXGroup;
			children = (
				5092504827A36B57006DEDA4 /* WhitelabelQuiz */,
				5092506227A36B5A006DEDA4 /* WhitelabelQuizTests */,
				5092506D27A36B5A006DEDA4 /* WhitelabelQuizUITests */,
				5092504727A36B57006DEDA4 /* Products */,
			);
			sourceTree = "<group>";
		};
		5092504727A36B57006DEDA4 /* Products */ = {
			isa = PBXGroup;
			children = (
				5092504627A36B57006DEDA4 /* WhitelabelQuiz.app */,
				5092505F27A36B5A006DEDA4 /* WhitelabelQuizTests.xctest */,
				5092506A27A36B5A006DEDA4 /* WhitelabelQuizUITests.xctest */,
			);
			name = Products;
			sourceTree = "<group>";
		};
		5092504827A36B57006DEDA4 /* WhitelabelQuiz */ = {
			isa = PBXGroup;
			children = (
				5092507C27A36D9F006DEDA4 /* Sources */,
				5092507D27A36DA7006DEDA4 /* Resources */,
				5092505227A36B57006DEDA4 /* WhitelabelQuiz.xcdatamodeld */,
			);
			path = WhitelabelQuiz;
			sourceTree = "<group>";
		};
		5092506227A36B5A006DEDA4 /* WhitelabelQuizTests */ = {
			isa = PBXGroup;
			children = (
				5092506327A36B5A006DEDA4 /* WhitelabelQuizTests.swift */,
				5092506527A36B5A006DEDA4 /* Info.plist */,
			);
			path = WhitelabelQuizTests;
			sourceTree = "<group>";
		};
		5092506D27A36B5A006DEDA4 /* WhitelabelQuizUITests */ = {
			isa = PBXGroup;
			children = (
				5092506E27A36B5A006DEDA4 /* WhitelabelQuizUITests.swift */,
				5092507027A36B5A006DEDA4 /* Info.plist */,
			);
			path = WhitelabelQuizUITests;
			sourceTree = "<group>";
		};
		5092507C27A36D9F006DEDA4 /* Sources */ = {
			isa = PBXGroup;
			children = (
				509250CA27AF4ACC006DEDA4 /* Data */,
				509250CB27AF4AD0006DEDA4 /* Domain */,
				509250CF27AF71CF006DEDA4 /* Presentation */,
				95B3FEA6280E3631001D6EFE /* Util */,
				5092507E27AF2A5F006DEDA4 /* Config */,
			);
			path = Sources;
			sourceTree = "<group>";
		};
		5092507D27A36DA7006DEDA4 /* Resources */ = {
			isa = PBXGroup;
			children = (
				95B3FEA0280E2BD1001D6EFE /* Sound */,
				95750A5A2807AEDA00CA714D /* GoogleService-Info.plist */,
				5092505A27A36B5A006DEDA4 /* Info.plist */,
				5092505727A36B5A006DEDA4 /* LaunchScreen.storyboard */,
				5092505527A36B5A006DEDA4 /* Assets.xcassets */,
				50EBC16927EA8A500029B49B /* levels.json */,
			);
			path = Resources;
			sourceTree = "<group>";
		};
		5092507E27AF2A5F006DEDA4 /* Config */ = {
			isa = PBXGroup;
			children = (
				5092504927A36B57006DEDA4 /* AppDelegate.swift */,
				5092504B27A36B57006DEDA4 /* SceneDelegate.swift */,
			);
			path = Config;
			sourceTree = "<group>";
		};
		5092507F27AF2A76006DEDA4 /* LevelList */ = {
			isa = PBXGroup;
			children = (
				95F3CA9F283520A7001F30D6 /* LevelListViewController.swift */,
				95F3CAA0283520A7001F30D6 /* LevelListViewController.xib */,
			);
			path = LevelList;
			sourceTree = "<group>";
		};
		509250CA27AF4ACC006DEDA4 /* Data */ = {
			isa = PBXGroup;
			children = (
				509250CC27AF6FB2006DEDA4 /* Entities */,
				509250D727AF78C3006DEDA4 /* LevelsRepository.swift */,
				50EBC16A27EA8D680029B49B /* LevelsService.swift */,
			);
			path = Data;
			sourceTree = "<group>";
		};
		509250CB27AF4AD0006DEDA4 /* Domain */ = {
			isa = PBXGroup;
			children = (
				509250D927AF791E006DEDA4 /* GetLevelsUseCase.swift */,
				95F3CAA328352706001F30D6 /* SetCurrentLevelUseCase.swift */,
				95F3CAA52835276F001F30D6 /* GetCurrentLevelUseCase.swift */,
			);
			path = Domain;
			sourceTree = "<group>";
		};
		509250CC27AF6FB2006DEDA4 /* Entities */ = {
			isa = PBXGroup;
			children = (
				509250CD27AF6FBF006DEDA4 /* Level.swift */,
				509250D527AF77F5006DEDA4 /* Question.swift */,
				954B60A028397273006E32C3 /* StoreItem.swift */,
			);
			path = Entities;
			sourceTree = "<group>";
		};
		509250CF27AF71CF006DEDA4 /* Presentation */ = {
			isa = PBXGroup;
			children = (
				951CF2DD2832888000895EB8 /* Store */,
				951CF2DA2832868F00895EB8 /* About */,
				50A1D51827EBF4AF007F0D95 /* MainMenu */,
				5092507F27AF2A76006DEDA4 /* LevelList */,
				509250D027AF71E0006DEDA4 /* Question */,
			);
			path = Presentation;
			sourceTree = "<group>";
		};
		509250D027AF71E0006DEDA4 /* Question */ = {
			isa = PBXGroup;
			children = (
				509250D127AF723C006DEDA4 /* QuestionViewController.swift */,
				509250D227AF723C006DEDA4 /* QuestionViewController.xib */,
			);
			path = Question;
			sourceTree = "<group>";
		};
		50A1D51827EBF4AF007F0D95 /* MainMenu */ = {
			isa = PBXGroup;
			children = (
				50A1D51927EBF4C5007F0D95 /* MainMenuViewController.swift */,
				50A1D51A27EBF4C5007F0D95 /* MainMenuViewController.xib */,
			);
			path = MainMenu;
			sourceTree = "<group>";
		};
		951CF2DA2832868F00895EB8 /* About */ = {
			isa = PBXGroup;
			children = (
				951CF2DB283286A800895EB8 /* AboutViewController.swift */,
			);
			path = About;
			sourceTree = "<group>";
		};
		951CF2DD2832888000895EB8 /* Store */ = {
			isa = PBXGroup;
			children = (
				954B60A628397469006E32C3 /* Cell */,
				954B609C28396B70006E32C3 /* StoreViewController.swift */,
				954B609D28396B70006E32C3 /* StoreViewController.xib */,
			);
			path = Store;
			sourceTree = "<group>";
		};
		954B60A628397469006E32C3 /* Cell */ = {
			isa = PBXGroup;
			children = (
				95FE61EE283977D800DE1D46 /* StoreItemCollectionViewCell.swift */,
				95FE61EF283977D800DE1D46 /* StoreItemCollectionViewCell.xib */,
			);
			path = Cell;
			sourceTree = "<group>";
		};
		95B3FEA0280E2BD1001D6EFE /* Sound */ = {
			isa = PBXGroup;
			children = (
				951CF2D2283283E800895EB8 /* 10-segundos.mp3 */,
				951CF2D1283283E800895EB8 /* audio-fundo.mp3 */,
				951CF2D4283283E800895EB8 /* click.mp3 */,
				951CF2D0283283E800895EB8 /* moedas.mp3 */,
				951CF2D3283283E800895EB8 /* relogio.mp3 */,
			);
			path = Sound;
			sourceTree = "<group>";
		};
		95B3FEA6280E3631001D6EFE /* Util */ = {
			isa = PBXGroup;
			children = (
				95B3FEA7280E364D001D6EFE /* UIViewController+Additions.swift */,
				954B609A28395F07006E32C3 /* MusicManager.swift */,
				954B609828395E92006E32C3 /* AudioManager.swift */,
			);
			path = Util;
			sourceTree = "<group>";
		};
/* End PBXGroup section */

/* Begin PBXNativeTarget section */
		5092504527A36B57006DEDA4 /* WhitelabelQuiz */ = {
			isa = PBXNativeTarget;
			buildConfigurationList = 5092507327A36B5A006DEDA4 /* Build configuration list for PBXNativeTarget "WhitelabelQuiz" */;
			buildPhases = (
				5092504227A36B57006DEDA4 /* Sources */,
				5092504327A36B57006DEDA4 /* Frameworks */,
				5092504427A36B57006DEDA4 /* Resources */,
			);
			buildRules = (
			);
			dependencies = (
			);
			name = WhitelabelQuiz;
			packageProductDependencies = (
				95750A562807AE4A00CA714D /* FirebaseRemoteConfig */,
				95750A582807AE4A00CA714D /* FirebaseRemoteConfigSwift-Beta */,
			);
			productName = WhitelabelQuiz;
			productReference = 5092504627A36B57006DEDA4 /* WhitelabelQuiz.app */;
			productType = "com.apple.product-type.application";
		};
		5092505E27A36B5A006DEDA4 /* WhitelabelQuizTests */ = {
			isa = PBXNativeTarget;
			buildConfigurationList = 5092507627A36B5A006DEDA4 /* Build configuration list for PBXNativeTarget "WhitelabelQuizTests" */;
			buildPhases = (
				5092505B27A36B5A006DEDA4 /* Sources */,
				5092505C27A36B5A006DEDA4 /* Frameworks */,
				5092505D27A36B5A006DEDA4 /* Resources */,
			);
			buildRules = (
			);
			dependencies = (
				5092506127A36B5A006DEDA4 /* PBXTargetDependency */,
			);
			name = WhitelabelQuizTests;
			productName = WhitelabelQuizTests;
			productReference = 5092505F27A36B5A006DEDA4 /* WhitelabelQuizTests.xctest */;
			productType = "com.apple.product-type.bundle.unit-test";
		};
		5092506927A36B5A006DEDA4 /* WhitelabelQuizUITests */ = {
			isa = PBXNativeTarget;
			buildConfigurationList = 5092507927A36B5A006DEDA4 /* Build configuration list for PBXNativeTarget "WhitelabelQuizUITests" */;
			buildPhases = (
				5092506627A36B5A006DEDA4 /* Sources */,
				5092506727A36B5A006DEDA4 /* Frameworks */,
				5092506827A36B5A006DEDA4 /* Resources */,
			);
			buildRules = (
			);
			dependencies = (
				5092506C27A36B5A006DEDA4 /* PBXTargetDependency */,
			);
			name = WhitelabelQuizUITests;
			productName = WhitelabelQuizUITests;
			productReference = 5092506A27A36B5A006DEDA4 /* WhitelabelQuizUITests.xctest */;
			productType = "com.apple.product-type.bundle.ui-testing";
		};
/* End PBXNativeTarget section */

/* Begin PBXProject section */
		5092503E27A36B57006DEDA4 /* Project object */ = {
			isa = PBXProject;
			attributes = {
				LastSwiftUpdateCheck = 1250;
				LastUpgradeCheck = 1250;
				TargetAttributes = {
					5092504527A36B57006DEDA4 = {
						CreatedOnToolsVersion = 12.5;
					};
					5092505E27A36B5A006DEDA4 = {
						CreatedOnToolsVersion = 12.5;
						TestTargetID = 5092504527A36B57006DEDA4;
					};
					5092506927A36B5A006DEDA4 = {
						CreatedOnToolsVersion = 12.5;
						TestTargetID = 5092504527A36B57006DEDA4;
					};
				};
			};
			buildConfigurationList = 5092504127A36B57006DEDA4 /* Build configuration list for PBXProject "WhitelabelQuiz" */;
			compatibilityVersion = "Xcode 9.3";
			developmentRegion = en;
			hasScannedForEncodings = 0;
			knownRegions = (
				en,
				Base,
			);
			mainGroup = 5092503D27A36B57006DEDA4;
			packageReferences = (
				95750A552807AE4A00CA714D /* XCRemoteSwiftPackageReference "firebase-ios-sdk" */,
			);
			productRefGroup = 5092504727A36B57006DEDA4 /* Products */;
			projectDirPath = "";
			projectRoot = "";
			targets = (
				5092504527A36B57006DEDA4 /* WhitelabelQuiz */,
				5092505E27A36B5A006DEDA4 /* WhitelabelQuizTests */,
				5092506927A36B5A006DEDA4 /* WhitelabelQuizUITests */,
			);
		};
/* End PBXProject section */

/* Begin PBXResourcesBuildPhase section */
		5092504427A36B57006DEDA4 /* Resources */ = {
			isa = PBXResourcesBuildPhase;
			buildActionMask = 2147483647;
			files = (
				951CF2D6283283E800895EB8 /* audio-fundo.mp3 in Resources */,
				50EBC16D27EA920C0029B49B /* levels.json in Resources */,
				951CF2D9283283E800895EB8 /* click.mp3 in Resources */,
				95F3CAA2283520A7001F30D6 /* LevelListViewController.xib in Resources */,
				5092505927A36B5A006DEDA4 /* LaunchScreen.storyboard in Resources */,
				95FE61F1283977D800DE1D46 /* StoreItemCollectionViewCell.xib in Resources */,
				5092505627A36B5A006DEDA4 /* Assets.xcassets in Resources */,
				954B609F28396B70006E32C3 /* StoreViewController.xib in Resources */,
				50A1D51C27EBF4C5007F0D95 /* MainMenuViewController.xib in Resources */,
				951CF2D7283283E800895EB8 /* 10-segundos.mp3 in Resources */,
				509250D427AF723C006DEDA4 /* QuestionViewController.xib in Resources */,
				95750A5B2807AEDA00CA714D /* GoogleService-Info.plist in Resources */,
				951CF2D8283283E800895EB8 /* relogio.mp3 in Resources */,
				951CF2D5283283E800895EB8 /* moedas.mp3 in Resources */,
			);
			runOnlyForDeploymentPostprocessing = 0;
		};
		5092505D27A36B5A006DEDA4 /* Resources */ = {
			isa = PBXResourcesBuildPhase;
			buildActionMask = 2147483647;
			files = (
			);
			runOnlyForDeploymentPostprocessing = 0;
		};
		5092506827A36B5A006DEDA4 /* Resources */ = {
			isa = PBXResourcesBuildPhase;
			buildActionMask = 2147483647;
			files = (
			);
			runOnlyForDeploymentPostprocessing = 0;
		};
/* End PBXResourcesBuildPhase section */

/* Begin PBXSourcesBuildPhase section */
		5092504227A36B57006DEDA4 /* Sources */ = {
			isa = PBXSourcesBuildPhase;
			buildActionMask = 2147483647;
			files = (
				509250D827AF78C3006DEDA4 /* LevelsRepository.swift in Sources */,
				509250DA27AF791E006DEDA4 /* GetLevelsUseCase.swift in Sources */,
				50A1D51B27EBF4C5007F0D95 /* MainMenuViewController.swift in Sources */,
				954B609928395E92006E32C3 /* AudioManager.swift in Sources */,
				5092505427A36B57006DEDA4 /* WhitelabelQuiz.xcdatamodeld in Sources */,
				95FE61F0283977D800DE1D46 /* StoreItemCollectionViewCell.swift in Sources */,
				954B60A128397273006E32C3 /* StoreItem.swift in Sources */,
				5092504A27A36B57006DEDA4 /* AppDelegate.swift in Sources */,
				5092504C27A36B57006DEDA4 /* SceneDelegate.swift in Sources */,
				509250D327AF723C006DEDA4 /* QuestionViewController.swift in Sources */,
				50EBC16B27EA8D680029B49B /* LevelsService.swift in Sources */,
				95F3CAA428352706001F30D6 /* SetCurrentLevelUseCase.swift in Sources */,
				954B609B28395F07006E32C3 /* MusicManager.swift in Sources */,
				95F3CAA1283520A7001F30D6 /* LevelListViewController.swift in Sources */,
				95F3CAA62835276F001F30D6 /* GetCurrentLevelUseCase.swift in Sources */,
				95B3FEA8280E364D001D6EFE /* UIViewController+Additions.swift in Sources */,
				954B609E28396B70006E32C3 /* StoreViewController.swift in Sources */,
				951CF2DC283286A800895EB8 /* AboutViewController.swift in Sources */,
				509250CE27AF6FBF006DEDA4 /* Level.swift in Sources */,
				509250D627AF77F5006DEDA4 /* Question.swift in Sources */,
			);
			runOnlyForDeploymentPostprocessing = 0;
		};
		5092505B27A36B5A006DEDA4 /* Sources */ = {
			isa = PBXSourcesBuildPhase;
			buildActionMask = 2147483647;
			files = (
				5092506427A36B5A006DEDA4 /* WhitelabelQuizTests.swift in Sources */,
			);
			runOnlyForDeploymentPostprocessing = 0;
		};
		5092506627A36B5A006DEDA4 /* Sources */ = {
			isa = PBXSourcesBuildPhase;
			buildActionMask = 2147483647;
			files = (
				5092506F27A36B5A006DEDA4 /* WhitelabelQuizUITests.swift in Sources */,
			);
			runOnlyForDeploymentPostprocessing = 0;
		};
/* End PBXSourcesBuildPhase section */

/* Begin PBXTargetDependency section */
		5092506127A36B5A006DEDA4 /* PBXTargetDependency */ = {
			isa = PBXTargetDependency;
			target = 5092504527A36B57006DEDA4 /* WhitelabelQuiz */;
			targetProxy = 5092506027A36B5A006DEDA4 /* PBXContainerItemProxy */;
		};
		5092506C27A36B5A006DEDA4 /* PBXTargetDependency */ = {
			isa = PBXTargetDependency;
			target = 5092504527A36B57006DEDA4 /* WhitelabelQuiz */;
			targetProxy = 5092506B27A36B5A006DEDA4 /* PBXContainerItemProxy */;
		};
/* End PBXTargetDependency section */

/* Begin PBXVariantGroup section */
		5092505727A36B5A006DEDA4 /* LaunchScreen.storyboard */ = {
			isa = PBXVariantGroup;
			children = (
				5092505827A36B5A006DEDA4 /* Base */,
			);
			name = LaunchScreen.storyboard;
			sourceTree = "<group>";
		};
/* End PBXVariantGroup section */

/* Begin XCBuildConfiguration section */
		5092507127A36B5A006DEDA4 /* Debug */ = {
			isa = XCBuildConfiguration;
			buildSettings = {
				ALWAYS_SEARCH_USER_PATHS = NO;
				CLANG_ANALYZER_NONNULL = YES;
				CLANG_ANALYZER_NUMBER_OBJECT_CONVERSION = YES_AGGRESSIVE;
				CLANG_CXX_LANGUAGE_STANDARD = "gnu++14";
				CLANG_CXX_LIBRARY = "libc++";
				CLANG_ENABLE_MODULES = YES;
				CLANG_ENABLE_OBJC_ARC = YES;
				CLANG_ENABLE_OBJC_WEAK = YES;
				CLANG_WARN_BLOCK_CAPTURE_AUTORELEASING = YES;
				CLANG_WARN_BOOL_CONVERSION = YES;
				CLANG_WARN_COMMA = YES;
				CLANG_WARN_CONSTANT_CONVERSION = YES;
				CLANG_WARN_DEPRECATED_OBJC_IMPLEMENTATIONS = YES;
				CLANG_WARN_DIRECT_OBJC_ISA_USAGE = YES_ERROR;
				CLANG_WARN_DOCUMENTATION_COMMENTS = YES;
				CLANG_WARN_EMPTY_BODY = YES;
				CLANG_WARN_ENUM_CONVERSION = YES;
				CLANG_WARN_INFINITE_RECURSION = YES;
				CLANG_WARN_INT_CONVERSION = YES;
				CLANG_WARN_NON_LITERAL_NULL_CONVERSION = YES;
				CLANG_WARN_OBJC_IMPLICIT_RETAIN_SELF = YES;
				CLANG_WARN_OBJC_LITERAL_CONVERSION = YES;
				CLANG_WARN_OBJC_ROOT_CLASS = YES_ERROR;
				CLANG_WARN_QUOTED_INCLUDE_IN_FRAMEWORK_HEADER = YES;
				CLANG_WARN_RANGE_LOOP_ANALYSIS = YES;
				CLANG_WARN_STRICT_PROTOTYPES = YES;
				CLANG_WARN_SUSPICIOUS_MOVE = YES;
				CLANG_WARN_UNGUARDED_AVAILABILITY = YES_AGGRESSIVE;
				CLANG_WARN_UNREACHABLE_CODE = YES;
				CLANG_WARN__DUPLICATE_METHOD_MATCH = YES;
				COPY_PHASE_STRIP = NO;
				DEBUG_INFORMATION_FORMAT = dwarf;
				ENABLE_STRICT_OBJC_MSGSEND = YES;
				ENABLE_TESTABILITY = YES;
				GCC_C_LANGUAGE_STANDARD = gnu11;
				GCC_DYNAMIC_NO_PIC = NO;
				GCC_NO_COMMON_BLOCKS = YES;
				GCC_OPTIMIZATION_LEVEL = 0;
				GCC_PREPROCESSOR_DEFINITIONS = (
					"DEBUG=1",
					"$(inherited)",
				);
				GCC_WARN_64_TO_32_BIT_CONVERSION = YES;
				GCC_WARN_ABOUT_RETURN_TYPE = YES_ERROR;
				GCC_WARN_UNDECLARED_SELECTOR = YES;
				GCC_WARN_UNINITIALIZED_AUTOS = YES_AGGRESSIVE;
				GCC_WARN_UNUSED_FUNCTION = YES;
				GCC_WARN_UNUSED_VARIABLE = YES;
				IPHONEOS_DEPLOYMENT_TARGET = 14.5;
				MTL_ENABLE_DEBUG_INFO = INCLUDE_SOURCE;
				MTL_FAST_MATH = YES;
				ONLY_ACTIVE_ARCH = YES;
				SDKROOT = iphoneos;
				SWIFT_ACTIVE_COMPILATION_CONDITIONS = DEBUG;
				SWIFT_OPTIMIZATION_LEVEL = "-Onone";
			};
			name = Debug;
		};
		5092507227A36B5A006DEDA4 /* Release */ = {
			isa = XCBuildConfiguration;
			buildSettings = {
				ALWAYS_SEARCH_USER_PATHS = NO;
				CLANG_ANALYZER_NONNULL = YES;
				CLANG_ANALYZER_NUMBER_OBJECT_CONVERSION = YES_AGGRESSIVE;
				CLANG_CXX_LANGUAGE_STANDARD = "gnu++14";
				CLANG_CXX_LIBRARY = "libc++";
				CLANG_ENABLE_MODULES = YES;
				CLANG_ENABLE_OBJC_ARC = YES;
				CLANG_ENABLE_OBJC_WEAK = YES;
				CLANG_WARN_BLOCK_CAPTURE_AUTORELEASING = YES;
				CLANG_WARN_BOOL_CONVERSION = YES;
				CLANG_WARN_COMMA = YES;
				CLANG_WARN_CONSTANT_CONVERSION = YES;
				CLANG_WARN_DEPRECATED_OBJC_IMPLEMENTATIONS = YES;
				CLANG_WARN_DIRECT_OBJC_ISA_USAGE = YES_ERROR;
				CLANG_WARN_DOCUMENTATION_COMMENTS = YES;
				CLANG_WARN_EMPTY_BODY = YES;
				CLANG_WARN_ENUM_CONVERSION = YES;
				CLANG_WARN_INFINITE_RECURSION = YES;
				CLANG_WARN_INT_CONVERSION = YES;
				CLANG_WARN_NON_LITERAL_NULL_CONVERSION = YES;
				CLANG_WARN_OBJC_IMPLICIT_RETAIN_SELF = YES;
				CLANG_WARN_OBJC_LITERAL_CONVERSION = YES;
				CLANG_WARN_OBJC_ROOT_CLASS = YES_ERROR;
				CLANG_WARN_QUOTED_INCLUDE_IN_FRAMEWORK_HEADER = YES;
				CLANG_WARN_RANGE_LOOP_ANALYSIS = YES;
				CLANG_WARN_STRICT_PROTOTYPES = YES;
				CLANG_WARN_SUSPICIOUS_MOVE = YES;
				CLANG_WARN_UNGUARDED_AVAILABILITY = YES_AGGRESSIVE;
				CLANG_WARN_UNREACHABLE_CODE = YES;
				CLANG_WARN__DUPLICATE_METHOD_MATCH = YES;
				COPY_PHASE_STRIP = NO;
				DEBUG_INFORMATION_FORMAT = "dwarf-with-dsym";
				ENABLE_NS_ASSERTIONS = NO;
				ENABLE_STRICT_OBJC_MSGSEND = YES;
				GCC_C_LANGUAGE_STANDARD = gnu11;
				GCC_NO_COMMON_BLOCKS = YES;
				GCC_WARN_64_TO_32_BIT_CONVERSION = YES;
				GCC_WARN_ABOUT_RETURN_TYPE = YES_ERROR;
				GCC_WARN_UNDECLARED_SELECTOR = YES;
				GCC_WARN_UNINITIALIZED_AUTOS = YES_AGGRESSIVE;
				GCC_WARN_UNUSED_FUNCTION = YES;
				GCC_WARN_UNUSED_VARIABLE = YES;
				IPHONEOS_DEPLOYMENT_TARGET = 14.5;
				MTL_ENABLE_DEBUG_INFO = NO;
				MTL_FAST_MATH = YES;
				SDKROOT = iphoneos;
				SWIFT_COMPILATION_MODE = wholemodule;
				SWIFT_OPTIMIZATION_LEVEL = "-O";
				VALIDATE_PRODUCT = YES;
			};
			name = Release;
		};
		5092507427A36B5A006DEDA4 /* Debug */ = {
			isa = XCBuildConfiguration;
			buildSettings = {
				ASSETCATALOG_COMPILER_APPICON_NAME = AppIcon;
				ASSETCATALOG_COMPILER_GLOBAL_ACCENT_COLOR_NAME = AccentColor;
				CODE_SIGN_STYLE = Automatic;
				DEVELOPMENT_TEAM = AVQMR29BJU;
				INFOPLIST_FILE = WhitelabelQuiz/Resources/Info.plist;
				LD_RUNPATH_SEARCH_PATHS = (
					"$(inherited)",
					"@executable_path/Frameworks",
				);
				PRODUCT_BUNDLE_IDENTIFIER = albert.ifce.WhitelabelQuiz;
				PRODUCT_NAME = "$(TARGET_NAME)";
				SWIFT_VERSION = 5.0;
				TARGETED_DEVICE_FAMILY = "1,2";
			};
			name = Debug;
		};
		5092507527A36B5A006DEDA4 /* Release */ = {
			isa = XCBuildConfiguration;
			buildSettings = {
				ASSETCATALOG_COMPILER_APPICON_NAME = AppIcon;
				ASSETCATALOG_COMPILER_GLOBAL_ACCENT_COLOR_NAME = AccentColor;
				CODE_SIGN_STYLE = Automatic;
				DEVELOPMENT_TEAM = AVQMR29BJU;
				INFOPLIST_FILE = WhitelabelQuiz/Resources/Info.plist;
				LD_RUNPATH_SEARCH_PATHS = (
					"$(inherited)",
					"@executable_path/Frameworks",
				);
				PRODUCT_BUNDLE_IDENTIFIER = albert.ifce.WhitelabelQuiz;
				PRODUCT_NAME = "$(TARGET_NAME)";
				SWIFT_VERSION = 5.0;
				TARGETED_DEVICE_FAMILY = "1,2";
			};
			name = Release;
		};
		5092507727A36B5A006DEDA4 /* Debug */ = {
			isa = XCBuildConfiguration;
			buildSettings = {
				ALWAYS_EMBED_SWIFT_STANDARD_LIBRARIES = YES;
				BUNDLE_LOADER = "$(TEST_HOST)";
				CODE_SIGN_STYLE = Automatic;
				DEVELOPMENT_TEAM = AVQMR29BJU;
				INFOPLIST_FILE = WhitelabelQuizTests/Info.plist;
				IPHONEOS_DEPLOYMENT_TARGET = 14.5;
				LD_RUNPATH_SEARCH_PATHS = (
					"$(inherited)",
					"@executable_path/Frameworks",
					"@loader_path/Frameworks",
				);
				PRODUCT_BUNDLE_IDENTIFIER = albert.ifce.WhitelabelQuizTests;
				PRODUCT_NAME = "$(TARGET_NAME)";
				SWIFT_VERSION = 5.0;
				TARGETED_DEVICE_FAMILY = "1,2";
				TEST_HOST = "$(BUILT_PRODUCTS_DIR)/WhitelabelQuiz.app/WhitelabelQuiz";
			};
			name = Debug;
		};
		5092507827A36B5A006DEDA4 /* Release */ = {
			isa = XCBuildConfiguration;
			buildSettings = {
				ALWAYS_EMBED_SWIFT_STANDARD_LIBRARIES = YES;
				BUNDLE_LOADER = "$(TEST_HOST)";
				CODE_SIGN_STYLE = Automatic;
				DEVELOPMENT_TEAM = AVQMR29BJU;
				INFOPLIST_FILE = WhitelabelQuizTests/Info.plist;
				IPHONEOS_DEPLOYMENT_TARGET = 14.5;
				LD_RUNPATH_SEARCH_PATHS = (
					"$(inherited)",
					"@executable_path/Frameworks",
					"@loader_path/Frameworks",
				);
				PRODUCT_BUNDLE_IDENTIFIER = albert.ifce.WhitelabelQuizTests;
				PRODUCT_NAME = "$(TARGET_NAME)";
				SWIFT_VERSION = 5.0;
				TARGETED_DEVICE_FAMILY = "1,2";
				TEST_HOST = "$(BUILT_PRODUCTS_DIR)/WhitelabelQuiz.app/WhitelabelQuiz";
			};
			name = Release;
		};
		5092507A27A36B5A006DEDA4 /* Debug */ = {
			isa = XCBuildConfiguration;
			buildSettings = {
				ALWAYS_EMBED_SWIFT_STANDARD_LIBRARIES = YES;
				CODE_SIGN_STYLE = Automatic;
				DEVELOPMENT_TEAM = AVQMR29BJU;
				INFOPLIST_FILE = WhitelabelQuizUITests/Info.plist;
				LD_RUNPATH_SEARCH_PATHS = (
					"$(inherited)",
					"@executable_path/Frameworks",
					"@loader_path/Frameworks",
				);
				PRODUCT_BUNDLE_IDENTIFIER = albert.ifce.WhitelabelQuizUITests;
				PRODUCT_NAME = "$(TARGET_NAME)";
				SWIFT_VERSION = 5.0;
				TARGETED_DEVICE_FAMILY = "1,2";
				TEST_TARGET_NAME = WhitelabelQuiz;
			};
			name = Debug;
		};
		5092507B27A36B5A006DEDA4 /* Release */ = {
			isa = XCBuildConfiguration;
			buildSettings = {
				ALWAYS_EMBED_SWIFT_STANDARD_LIBRARIES = YES;
				CODE_SIGN_STYLE = Automatic;
				DEVELOPMENT_TEAM = AVQMR29BJU;
				INFOPLIST_FILE = WhitelabelQuizUITests/Info.plist;
				LD_RUNPATH_SEARCH_PATHS = (
					"$(inherited)",
					"@executable_path/Frameworks",
					"@loader_path/Frameworks",
				);
				PRODUCT_BUNDLE_IDENTIFIER = albert.ifce.WhitelabelQuizUITests;
				PRODUCT_NAME = "$(TARGET_NAME)";
				SWIFT_VERSION = 5.0;
				TARGETED_DEVICE_FAMILY = "1,2";
				TEST_TARGET_NAME = WhitelabelQuiz;
			};
			name = Release;
		};
/* End XCBuildConfiguration section */

/* Begin XCConfigurationList section */
		5092504127A36B57006DEDA4 /* Build configuration list for PBXProject "WhitelabelQuiz" */ = {
			isa = XCConfigurationList;
			buildConfigurations = (
				5092507127A36B5A006DEDA4 /* Debug */,
				5092507227A36B5A006DEDA4 /* Release */,
			);
			defaultConfigurationIsVisible = 0;
			defaultConfigurationName = Release;
		};
		5092507327A36B5A006DEDA4 /* Build configuration list for PBXNativeTarget "WhitelabelQuiz" */ = {
			isa = XCConfigurationList;
			buildConfigurations = (
				5092507427A36B5A006DEDA4 /* Debug */,
				5092507527A36B5A006DEDA4 /* Release */,
			);
			defaultConfigurationIsVisible = 0;
			defaultConfigurationName = Release;
		};
		5092507627A36B5A006DEDA4 /* Build configuration list for PBXNativeTarget "WhitelabelQuizTests" */ = {
			isa = XCConfigurationList;
			buildConfigurations = (
				5092507727A36B5A006DEDA4 /* Debug */,
				5092507827A36B5A006DEDA4 /* Release */,
			);
			defaultConfigurationIsVisible = 0;
			defaultConfigurationName = Release;
		};
		5092507927A36B5A006DEDA4 /* Build configuration list for PBXNativeTarget "WhitelabelQuizUITests" */ = {
			isa = XCConfigurationList;
			buildConfigurations = (
				5092507A27A36B5A006DEDA4 /* Debug */,
				5092507B27A36B5A006DEDA4 /* Release */,
			);
			defaultConfigurationIsVisible = 0;
			defaultConfigurationName = Release;
		};
/* End XCConfigurationList section */

/* Begin XCRemoteSwiftPackageReference section */
		95750A552807AE4A00CA714D /* XCRemoteSwiftPackageReference "firebase-ios-sdk" */ = {
			isa = XCRemoteSwiftPackageReference;
			repositoryURL = "https://github.com/firebase/firebase-ios-sdk";
			requirement = {
				kind = upToNextMajorVersion;
				minimumVersion = 8.0.0;
			};
		};
/* End XCRemoteSwiftPackageReference section */

/* Begin XCSwiftPackageProductDependency section */
		95750A562807AE4A00CA714D /* FirebaseRemoteConfig */ = {
			isa = XCSwiftPackageProductDependency;
			package = 95750A552807AE4A00CA714D /* XCRemoteSwiftPackageReference "firebase-ios-sdk" */;
			productName = FirebaseRemoteConfig;
		};
		95750A582807AE4A00CA714D /* FirebaseRemoteConfigSwift-Beta */ = {
			isa = XCSwiftPackageProductDependency;
			package = 95750A552807AE4A00CA714D /* XCRemoteSwiftPackageReference "firebase-ios-sdk" */;
			productName = "FirebaseRemoteConfigSwift-Beta";
		};
/* End XCSwiftPackageProductDependency section */

/* Begin XCVersionGroup section */
		5092505227A36B57006DEDA4 /* WhitelabelQuiz.xcdatamodeld */ = {
			isa = XCVersionGroup;
			children = (
				5092505327A36B57006DEDA4 /* WhitelabelQuiz.xcdatamodel */,
			);
			currentVersion = 5092505327A36B57006DEDA4 /* WhitelabelQuiz.xcdatamodel */;
			path = WhitelabelQuiz.xcdatamodeld;
			sourceTree = "<group>";
			versionGroupType = wrapper.xcdatamodel;
		};
/* End XCVersionGroup section */
	};
	rootObject = 5092503E27A36B57006DEDA4 /* Project object */;
}
